
Microsoft Visual Studio Solution File, Format Version 12.00
# Visual Studio Version 16
VisualStudioVersion = 16.0.28922.388
MinimumVisualStudioVersion = 10.0.40219.1
Project("{9A19103F-16F7-4668-BE54-9A1E7A4F7556}") = "Viking.Updating.TestConsole", "Viking.Updating.TestConsole\Viking.Updating.TestConsole.csproj", "{1F013BB8-E0F2-40B1-AB09-CC2A70A41986}"
EndProject
Project("{2150E333-8FDC-42A3-9474-1A3956D46DE8}") = "Updating", "Updating", "{4B0CEB67-389E-4C1F-B43B-ED13DA3511E9}"
EndProject
Project("{2150E333-8FDC-42A3-9474-1A3956D46DE8}") = "Pipeline", "Pipeline", "{9B2BAE02-AEF0-47C7-B5D3-0879C1560CE9}"
EndProject
Project("{9A19103F-16F7-4668-BE54-9A1E7A4F7556}") = "Viking.Updating.Pipeline", "Pipeline\Viking.Updating.Pipeline\Viking.Updating.Pipeline.csproj", "{27C89996-5B46-4384-A104-752A34D3608B}"
EndProject
Project("{9A19103F-16F7-4668-BE54-9A1E7A4F7556}") = "Viking.Updating", "Updating\Viking.Updating\Viking.Updating.csproj", "{F4196FF3-1934-4705-A092-CC3532B1970C}"
EndProject
Project("{9A19103F-16F7-4668-BE54-9A1E7A4F7556}") = "Viking.Updating.Tests", "Updating\Viking.Updating.Tests\Viking.Updating.Tests.csproj", "{AF780265-2064-4DFD-BC0B-9A52DCCFFA85}"
EndProject
Global
	GlobalSection(SolutionConfigurationPlatforms) = preSolution
		Debug|Any CPU = Debug|Any CPU
		Release|Any CPU = Release|Any CPU
	EndGlobalSection
	GlobalSection(ProjectConfigurationPlatforms) = postSolution
		{1F013BB8-E0F2-40B1-AB09-CC2A70A41986}.Debug|Any CPU.ActiveCfg = Debug|Any CPU
		{1F013BB8-E0F2-40B1-AB09-CC2A70A41986}.Debug|Any CPU.Build.0 = Debug|Any CPU
		{1F013BB8-E0F2-40B1-AB09-CC2A70A41986}.Release|Any CPU.ActiveCfg = Release|Any CPU
		{1F013BB8-E0F2-40B1-AB09-CC2A70A41986}.Release|Any CPU.Build.0 = Release|Any CPU
		{27C89996-5B46-4384-A104-752A34D3608B}.Debug|Any CPU.ActiveCfg = Debug|Any CPU
		{27C89996-5B46-4384-A104-752A34D3608B}.Debug|Any CPU.Build.0 = Debug|Any CPU
		{27C89996-5B46-4384-A104-752A34D3608B}.Release|Any CPU.ActiveCfg = Release|Any CPU
		{27C89996-5B46-4384-A104-752A34D3608B}.Release|Any CPU.Build.0 = Release|Any CPU
		{F4196FF3-1934-4705-A092-CC3532B1970C}.Debug|Any CPU.ActiveCfg = Debug|Any CPU
		{F4196FF3-1934-4705-A092-CC3532B1970C}.Debug|Any CPU.Build.0 = Debug|Any CPU
		{F4196FF3-1934-4705-A092-CC3532B1970C}.Release|Any CPU.ActiveCfg = Release|Any CPU
		{F4196FF3-1934-4705-A092-CC3532B1970C}.Release|Any CPU.Build.0 = Release|Any CPU
		{AF780265-2064-4DFD-BC0B-9A52DCCFFA85}.Debug|Any CPU.ActiveCfg = Debug|Any CPU
		{AF780265-2064-4DFD-BC0B-9A52DCCFFA85}.Debug|Any CPU.Build.0 = Debug|Any CPU
		{AF780265-2064-4DFD-BC0B-9A52DCCFFA85}.Release|Any CPU.ActiveCfg = Release|Any CPU
		{AF780265-2064-4DFD-BC0B-9A52DCCFFA85}.Release|Any CPU.Build.0 = Release|Any CPU
	EndGlobalSection
	GlobalSection(SolutionProperties) = preSolution
		HideSolutionNode = FALSE
	EndGlobalSection
	GlobalSection(NestedProjects) = preSolution
		{27C89996-5B46-4384-A104-752A34D3608B} = {9B2BAE02-AEF0-47C7-B5D3-0879C1560CE9}
		{F4196FF3-1934-4705-A092-CC3532B1970C} = {4B0CEB67-389E-4C1F-B43B-ED13DA3511E9}
		{AF780265-2064-4DFD-BC0B-9A52DCCFFA85} = {4B0CEB67-389E-4C1F-B43B-ED13DA3511E9}
	EndGlobalSection
	GlobalSection(ExtensibilityGlobals) = postSolution
		SolutionGuid = {6E4693A6-A0BE-4747-9053-DC468794B192}
	EndGlobalSection
EndGlobal
